
Microsoft Visual Studio Solution File, Format Version 12.00
# Visual Studio Version 17
VisualStudioVersion = 17.9.34728.123
MinimumVisualStudioVersion = 10.0.40219.1
Project("{9A19103F-16F7-4668-BE54-9A1E7A4F7556}") = "游戏登录器", "游戏登录器\游戏登录器.csproj", "{63AB53B7-2849-4C20-B017-008E14FA4199}"
EndProject
Project("{9A19103F-16F7-4668-BE54-9A1E7A4F7556}") = "游戏服务器", "游戏服务器\游戏服务器.csproj", "{AAB9AA40-8BB4-43C1-98CF-19BFE56FD4B8}"
EndProject
Project("{9A19103F-16F7-4668-BE54-9A1E7A4F7556}") = "账号服务器", "账号服务器\账号服务器.csproj", "{FCF160E1-FE55-4BFC-A4D6-8810E2CF1369}"
EndProject
Global
	GlobalSection(SolutionConfigurationPlatforms) = preSolution
		Debug|Any CPU = Debug|Any CPU
		Release|Any CPU = Release|Any CPU
	EndGlobalSection
	GlobalSection(ProjectConfigurationPlatforms) = postSolution
		{63AB53B7-2849-4C20-B017-008E14FA4199}.Debug|Any CPU.ActiveCfg = Debug|Any CPU
		{63AB53B7-2849-4C20-B017-008E14FA4199}.Debug|Any CPU.Build.0 = Debug|Any CPU
		{63AB53B7-2849-4C20-B017-008E14FA4199}.Release|Any CPU.ActiveCfg = Release|Any CPU
		{63AB53B7-2849-4C20-B017-008E14FA4199}.Release|Any CPU.Build.0 = Release|Any CPU
		{AAB9AA40-8BB4-43C1-98CF-19BFE56FD4B8}.Debug|Any CPU.ActiveCfg = Debug|Any CPU
		{AAB9AA40-8BB4-43C1-98CF-19BFE56FD4B8}.Debug|Any CPU.Build.0 = Debug|Any CPU
		{AAB9AA40-8BB4-43C1-98CF-19BFE56FD4B8}.Release|Any CPU.ActiveCfg = Release|Any CPU
		{AAB9AA40-8BB4-43C1-98CF-19BFE56FD4B8}.Release|Any CPU.Build.0 = Release|Any CPU
		{FCF160E1-FE55-4BFC-A4D6-8810E2CF1369}.Debug|Any CPU.ActiveCfg = Debug|Any CPU
		{FCF160E1-FE55-4BFC-A4D6-8810E2CF1369}.Debug|Any CPU.Build.0 = Debug|Any CPU
		{FCF160E1-FE55-4BFC-A4D6-8810E2CF1369}.Release|Any CPU.ActiveCfg = Release|Any CPU
		{FCF160E1-FE55-4BFC-A4D6-8810E2CF1369}.Release|Any CPU.Build.0 = Release|Any CPU
	EndGlobalSection
	GlobalSection(SolutionProperties) = preSolution
		HideSolutionNode = FALSE
	EndGlobalSection
	GlobalSection(ExtensibilityGlobals) = postSolution
		SolutionGuid = {B0EB1801-CC34-473B-ABBD-57E9EEF40B35}
	EndGlobalSection
EndGlobal
